// !$*UTF8*$!
{
	archiveVersion = 1;
	classes = {
	};
	objectVersion = 46;
	objects = {

/* Begin PBXBuildFile section */
		0747FD121AA4352D000D78A8 /* main.m in Sources */ = {isa = PBXBuildFile; fileRef = 0747FD111AA4352D000D78A8 /* main.m */; };
		0747FD151AA4352D000D78A8 /* AppDelegate.m in Sources */ = {isa = PBXBuildFile; fileRef = 0747FD141AA4352D000D78A8 /* AppDelegate.m */; };
		0747FD181AA4352D000D78A8 /* ViewController.m in Sources */ = {isa = PBXBuildFile; fileRef = 0747FD171AA4352D000D78A8 /* ViewController.m */; };
		0747FD1B1AA4352D000D78A8 /* Main.storyboard in Resources */ = {isa = PBXBuildFile; fileRef = 0747FD191AA4352D000D78A8 /* Main.storyboard */; };
		0747FD1D1AA4352D000D78A8 /* Images.xcassets in Resources */ = {isa = PBXBuildFile; fileRef = 0747FD1C1AA4352D000D78A8 /* Images.xcassets */; };
		0747FD201AA4352D000D78A8 /* LaunchScreen.xib in Resources */ = {isa = PBXBuildFile; fileRef = 0747FD1E1AA4352D000D78A8 /* LaunchScreen.xib */; };
		0747FD2C1AA4352E000D78A8 /* CBCollectionViewTests.m in Sources */ = {isa = PBXBuildFile; fileRef = 0747FD2B1AA4352E000D78A8 /* CBCollectionViewTests.m */; };
		0747FD371AA441D1000D78A8 /* MyHeadViewCollectionView.m in Sources */ = {isa = PBXBuildFile; fileRef = 0747FD361AA441D1000D78A8 /* MyHeadViewCollectionView.m */; };
/* End PBXBuildFile section */

/* Begin PBXContainerItemProxy section */
		0747FD261AA4352D000D78A8 /* PBXContainerItemProxy */ = {
			isa = PBXContainerItemProxy;
			containerPortal = 0747FD041AA4352D000D78A8 /* Project object */;
			proxyType = 1;
			remoteGlobalIDString = 0747FD0B1AA4352D000D78A8;
			remoteInfo = CBCollectionView;
		};
/* End PBXContainerItemProxy section */

/* Begin PBXFileReference section */
		0747FD0C1AA4352D000D78A8 /* CBCollectionView.app */ = {isa = PBXFileReference; explicitFileType = wrapper.application; includeInIndex = 0; path = CBCollectionView.app; sourceTree = BUILT_PRODUCTS_DIR; };
		0747FD101AA4352D000D78A8 /* Info.plist */ = {isa = PBXFileReference; lastKnownFileType = text.plist.xml; path = Info.plist; sourceTree = "<group>"; };
		0747FD111AA4352D000D78A8 /* main.m */ = {isa = PBXFileReference; lastKnownFileType = sourcecode.c.objc; path = main.m; sourceTree = "<group>"; };
		0747FD131AA4352D000D78A8 /* AppDelegate.h */ = {isa = PBXFileReference; lastKnownFileType = sourcecode.c.h; path = AppDelegate.h; sourceTree = "<group>"; };
		0747FD141AA4352D000D78A8 /* AppDelegate.m */ = {isa = PBXFileReference; lastKnownFileType = sourcecode.c.objc; path = AppDelegate.m; sourceTree = "<group>"; };
		0747FD161AA4352D000D78A8 /* ViewController.h */ = {isa = PBXFileReference; lastKnownFileType = sourcecode.c.h; path = ViewController.h; sourceTree = "<group>"; };
		0747FD171AA4352D000D78A8 /* ViewController.m */ = {isa = PBXFileReference; lastKnownFileType = sourcecode.c.objc; path = ViewController.m; sourceTree = "<group>"; };
		0747FD1A1AA4352D000D78A8 /* Base */ = {isa = PBXFileReference; lastKnownFileType = file.storyboard; name = Base; path = Base.lproj/Main.storyboard; sourceTree = "<group>"; };
		0747FD1C1AA4352D000D78A8 /* Images.xcassets */ = {isa = PBXFileReference; lastKnownFileType = folder.assetcatalog; path = Images.xcassets; sourceTree = "<group>"; };
		0747FD1F1AA4352D000D78A8 /* Base */ = {isa = PBXFileReference; lastKnownFileType = file.xib; name = Base; path = Base.lproj/LaunchScreen.xib; sourceTree = "<group>"; };
		0747FD251AA4352D000D78A8 /* CBCollectionViewTests.xctest */ = {isa = PBXFileReference; explicitFileType = wrapper.cfbundle; includeInIndex = 0; path = CBCollectionViewTests.xctest; sourceTree = BUILT_PRODUCTS_DIR; };
		0747FD2A1AA4352E000D78A8 /* Info.plist */ = {isa = PBXFileReference; lastKnownFileType = text.plist.xml; path = Info.plist; sourceTree = "<group>"; };
		0747FD2B1AA4352E000D78A8 /* CBCollectionViewTests.m */ = {isa = PBXFileReference; lastKnownFileType = sourcecode.c.objc; path = CBCollectionViewTests.m; sourceTree = "<group>"; };
		0747FD351AA441D1000D78A8 /* MyHeadViewCollectionView.h */ = {isa = PBXFileReference; fileEncoding = 4; lastKnownFileType = sourcecode.c.h; path = MyHeadViewCollectionView.h; sourceTree = "<group>"; };
		0747FD361AA441D1000D78A8 /* MyHeadViewCollectionView.m */ = {isa = PBXFileReference; fileEncoding = 4; lastKnownFileType = sourcecode.c.objc; path = MyHeadViewCollectionView.m; sourceTree = "<group>"; };
/* End PBXFileReference section */

/* Begin PBXFrameworksBuildPhase section */
		0747FD091AA4352D000D78A8 /* Frameworks */ = {
			isa = PBXFrameworksBuildPhase;
			buildActionMask = 2147483647;
			files = (
			);
			runOnlyForDeploymentPostprocessing = 0;
		};
		0747FD221AA4352D000D78A8 /* Frameworks */ = {
			isa = PBXFrameworksBuildPhase;
			buildActionMask = 2147483647;
			files = (
			);
			runOnlyForDeploymentPostprocessing = 0;
		};
/* End PBXFrameworksBuildPhase section */

/* Begin PBXGroup section */
		0747FD031AA4352D000D78A8 = {
			isa = PBXGroup;
			children = (
				0747FD0E1AA4352D000D78A8 /* CBCollectionView */,
				0747FD281AA4352E000D78A8 /* CBCollectionViewTests */,
				0747FD0D1AA4352D000D78A8 /* Products */,
			);
			sourceTree = "<group>";
		};
		0747FD0D1AA4352D000D78A8 /* Products */ = {
			isa = PBXGroup;
			children = (
				0747FD0C1AA4352D000D78A8 /* CBCollectionView.app */,
				0747FD251AA4352D000D78A8 /* CBCollectionViewTests.xctest */,
			);
			name = Products;
			sourceTree = "<group>";
		};
		0747FD0E1AA4352D000D78A8 /* CBCollectionView */ = {
			isa = PBXGroup;
			children = (
				0747FD131AA4352D000D78A8 /* AppDelegate.h */,
				0747FD141AA4352D000D78A8 /* AppDelegate.m */,
				0747FD161AA4352D000D78A8 /* ViewController.h */,
				0747FD171AA4352D000D78A8 /* ViewController.m */,
				0747FD191AA4352D000D78A8 /* Main.storyboard */,
				0747FD1C1AA4352D000D78A8 /* Images.xcassets */,
				0747FD1E1AA4352D000D78A8 /* LaunchScreen.xib */,
				0747FD0F1AA4352D000D78A8 /* Supporting Files */,
				0747FD351AA441D1000D78A8 /* MyHeadViewCollectionView.h */,
				0747FD361AA441D1000D78A8 /* MyHeadViewCollectionView.m */,
			);
			path = CBCollectionView;
			sourceTree = "<group>";
		};
		0747FD0F1AA4352D000D78A8 /* Supporting Files */ = {
			isa = PBXGroup;
			children = (
				0747FD101AA4352D000D78A8 /* Info.plist */,
				0747FD111AA4352D000D78A8 /* main.m */,
			);
			name = "Supporting Files";
			sourceTree = "<group>";
		};
		0747FD281AA4352E000D78A8 /* CBCollectionViewTests */ = {
			isa = PBXGroup;
			children = (
				0747FD2B1AA4352E000D78A8 /* CBCollectionViewTests.m */,
				0747FD291AA4352E000D78A8 /* Supporting Files */,
			);
			path = CBCollectionViewTests;
			sourceTree = "<group>";
		};
		0747FD291AA4352E000D78A8 /* Supporting Files */ = {
			isa = PBXGroup;
			children = (
				0747FD2A1AA4352E000D78A8 /* Info.plist */,
			);
			name = "Supporting Files";
			sourceTree = "<group>";
		};
/* End PBXGroup section */

/* Begin PBXNativeTarget section */
		0747FD0B1AA4352D000D78A8 /* CBCollectionView */ = {
			isa = PBXNativeTarget;
			buildConfigurationList = 0747FD2F1AA4352E000D78A8 /* Build configuration list for PBXNativeTarget "CBCollectionView" */;
			buildPhases = (
				0747FD081AA4352D000D78A8 /* Sources */,
				0747FD091AA4352D000D78A8 /* Frameworks */,
				0747FD0A1AA4352D000D78A8 /* Resources */,
			);
			buildRules = (
			);
			dependencies = (
			);
			name = CBCollectionView;
			productName = CBCollectionView;
			productReference = 0747FD0C1AA4352D000D78A8 /* CBCollectionView.app */;
			productType = "com.apple.product-type.application";
		};
		0747FD241AA4352D000D78A8 /* CBCollectionViewTests */ = {
			isa = PBXNativeTarget;
			buildConfigurationList = 0747FD321AA4352E000D78A8 /* Build configuration list for PBXNativeTarget "CBCollectionViewTests" */;
			buildPhases = (
				0747FD211AA4352D000D78A8 /* Sources */,
				0747FD221AA4352D000D78A8 /* Frameworks */,
				0747FD231AA4352D000D78A8 /* Resources */,
			);
			buildRules = (
			);
			dependencies = (
				0747FD271AA4352D000D78A8 /* PBXTargetDependency */,
			);
			name = CBCollectionViewTests;
			productName = CBCollectionViewTests;
			productReference = 0747FD251AA4352D000D78A8 /* CBCollectionViewTests.xctest */;
			productType = "com.apple.product-type.bundle.unit-test";
		};
/* End PBXNativeTarget section */

/* Begin PBXProject section */
		0747FD041AA4352D000D78A8 /* Project object */ = {
			isa = PBXProject;
			attributes = {
				LastUpgradeCheck = 0610;
				ORGANIZATIONNAME = Bing;
				TargetAttributes = {
					0747FD0B1AA4352D000D78A8 = {
						CreatedOnToolsVersion = 6.1.1;
					};
					0747FD241AA4352D000D78A8 = {
						CreatedOnToolsVersion = 6.1.1;
						TestTargetID = 0747FD0B1AA4352D000D78A8;
					};
				};
			};
			buildConfigurationList = 0747FD071AA4352D000D78A8 /* Build configuration list for PBXProject "CBCollectionView" */;
			compatibilityVersion = "Xcode 3.2";
			developmentRegion = English;
			hasScannedForEncodings = 0;
			knownRegions = (
				en,
				Base,
			);
			mainGroup = 0747FD031AA4352D000D78A8;
			productRefGroup = 0747FD0D1AA4352D000D78A8 /* Products */;
			projectDirPath = "";
			projectRoot = "";
			targets = (
				0747FD0B1AA4352D000D78A8 /* CBCollectionView */,
				0747FD241AA4352D000D78A8 /* CBCollectionViewTests */,
			);
		};
/* End PBXProject section */

/* Begin PBXResourcesBuildPhase section */
		0747FD0A1AA4352D000D78A8 /* Resources */ = {
			isa = PBXResourcesBuildPhase;
			buildActionMask = 2147483647;
			files = (
				0747FD1B1AA4352D000D78A8 /* Main.storyboard in Resources */,
				0747FD201AA4352D000D78A8 /* LaunchScreen.xib in Resources */,
				0747FD1D1AA4352D000D78A8 /* Images.xcassets in Resources */,
			);
			runOnlyForDeploymentPostprocessing = 0;
		};
		0747FD231AA4352D000D78A8 /* Resources */ = {
			isa = PBXResourcesBuildPhase;
			buildActionMask = 2147483647;
			files = (
			);
			runOnlyForDeploymentPostprocessing = 0;
		};
/* End PBXResourcesBuildPhase section */

/* Begin PBXSourcesBuildPhase section */
		0747FD081AA4352D000D78A8 /* Sources */ = {
			isa = PBXSourcesBuildPhase;
			buildActionMask = 2147483647;
			files = (
				0747FD181AA4352D000D78A8 /* ViewController.m in Sources */,
				0747FD151AA4352D000D78A8 /* AppDelegate.m in Sources */,
				0747FD121AA4352D000D78A8 /* main.m in Sources */,
				0747FD371AA441D1000D78A8 /* MyHeadViewCollectionView.m in Sources */,
			);
			runOnlyForDeploymentPostprocessing = 0;
		};
		0747FD211AA4352D000D78A8 /* Sources */ = {
			isa = PBXSourcesBuildPhase;
			buildActionMask = 2147483647;
			files = (
				0747FD2C1AA4352E000D78A8 /* CBCollectionViewTests.m in Sources */,
			);
			runOnlyForDeploymentPostprocessing = 0;
		};
/* End PBXSourcesBuildPhase section */

/* Begin PBXTargetDependency section */
		0747FD271AA4352D000D78A8 /* PBXTargetDependency */ = {
			isa = PBXTargetDependency;
			target = 0747FD0B1AA4352D000D78A8 /* CBCollectionView */;
			targetProxy = 0747FD261AA4352D000D78A8 /* PBXContainerItemProxy */;
		};
/* End PBXTargetDependency section */

/* Begin PBXVariantGroup section */
		0747FD191AA4352D000D78A8 /* Main.storyboard */ = {
			isa = PBXVariantGroup;
			children = (
				0747FD1A1AA4352D000D78A8 /* Base */,
			);
			name = Main.storyboard;
			sourceTree = "<group>";
		};
		0747FD1E1AA4352D000D78A8 /* LaunchScreen.xib */ = {
			isa = PBXVariantGroup;
			children = (
				0747FD1F1AA4352D000D78A8 /* Base */,
			);
			name = LaunchScreen.xib;
			sourceTree = "<group>";
		};
/* End PBXVariantGroup section */

/* Begin XCBuildConfiguration section */
		0747FD2D1AA4352E000D78A8 /* Debug */ = {
			isa = XCBuildConfiguration;
			buildSettings = {
				ALWAYS_SEARCH_USER_PATHS = NO;
				CLANG_CXX_LANGUAGE_STANDARD = "gnu++0x";
				CLANG_CXX_LIBRARY = "libc++";
				CLANG_ENABLE_MODULES = YES;
				CLANG_ENABLE_OBJC_ARC = YES;
				CLANG_WARN_BOOL_CONVERSION = YES;
				CLANG_WARN_CONSTANT_CONVERSION = YES;
				CLANG_WARN_DIRECT_OBJC_ISA_USAGE = YES_ERROR;
				CLANG_WARN_EMPTY_BODY = YES;
				CLANG_WARN_ENUM_CONVERSION = YES;
				CLANG_WARN_INT_CONVERSION = YES;
				CLANG_WARN_OBJC_ROOT_CLASS = YES_ERROR;
				CLANG_WARN_UNREACHABLE_CODE = YES;
				CLANG_WARN__DUPLICATE_METHOD_MATCH = YES;
				"CODE_SIGN_IDENTITY[sdk=iphoneos*]" = "iPhone Developer";
				COPY_PHASE_STRIP = NO;
				ENABLE_STRICT_OBJC_MSGSEND = YES;
				GCC_C_LANGUAGE_STANDARD = gnu99;
				GCC_DYNAMIC_NO_PIC = NO;
				GCC_OPTIMIZATION_LEVEL = 0;
				GCC_PREPROCESSOR_DEFINITIONS = (
					"DEBUG=1",
					"$(inherited)",
				);
				GCC_SYMBOLS_PRIVATE_EXTERN = NO;
				GCC_WARN_64_TO_32_BIT_CONVERSION = YES;
				GCC_WARN_ABOUT_RETURN_TYPE = YES_ERROR;
				GCC_WARN_UNDECLARED_SELECTOR = YES;
				GCC_WARN_UNINITIALIZED_AUTOS = YES_AGGRESSIVE;
				GCC_WARN_UNUSED_FUNCTION = YES;
				GCC_WARN_UNUSED_VARIABLE = YES;
				IPHONEOS_DEPLOYMENT_TARGET = 8.1;
				MTL_ENABLE_DEBUG_INFO = YES;
				ONLY_ACTIVE_ARCH = YES;
				SDKROOT = iphoneos;
			};
			name = Debug;
		};
		0747FD2E1AA4352E000D78A8 /* Release */ = {
			isa = XCBuildConfiguration;
			buildSettings = {
				ALWAYS_SEARCH_USER_PATHS = NO;
				CLANG_CXX_LANGUAGE_STANDARD = "gnu++0x";
				CLANG_CXX_LIBRARY = "libc++";
				CLANG_ENABLE_MODULES = YES;
				CLANG_ENABLE_OBJC_ARC = YES;
				CLANG_WARN_BOOL_CONVERSION = YES;
				CLANG_WARN_CONSTANT_CONVERSION = YES;
				CLANG_WARN_DIRECT_OBJC_ISA_USAGE = YES_ERROR;
				CLANG_WARN_EMPTY_BODY = YES;
				CLANG_WARN_ENUM_CONVERSION = YES;
				CLANG_WARN_INT_CONVERSION = YES;
				CLANG_WARN_OBJC_ROOT_CLASS = YES_ERROR;
				CLANG_WARN_UNREACHABLE_CODE = YES;
				CLANG_WARN__DUPLICATE_METHOD_MATCH = YES;
				"CODE_SIGN_IDENTITY[sdk=iphoneos*]" = "iPhone Developer";
				COPY_PHASE_STRIP = YES;
				ENABLE_NS_ASSERTIONS = NO;
				ENABLE_STRICT_OBJC_MSGSEND = YES;
				GCC_C_LANGUAGE_STANDARD = gnu99;
				GCC_WARN_64_TO_32_BIT_CONVERSION = YES;
				GCC_WARN_ABOUT_RETURN_TYPE = YES_ERROR;
				GCC_WARN_UNDECLARED_SELECTOR = YES;
				GCC_WARN_UNINITIALIZED_AUTOS = YES_AGGRESSIVE;
				GCC_WARN_UNUSED_FUNCTION = YES;
				GCC_WARN_UNUSED_VARIABLE = YES;
				IPHONEOS_DEPLOYMENT_TARGET = 8.1;
				MTL_ENABLE_DEBUG_INFO = NO;
				SDKROOT = iphoneos;
				VALIDATE_PRODUCT = YES;
			};
			name = Release;
		};
		0747FD301AA4352E000D78A8 /* Debug */ = {
			isa = XCBuildConfiguration;
			buildSettings = {
				ASSETCATALOG_COMPILER_APPICON_NAME = AppIcon;
				INFOPLIST_FILE = CBCollectionView/Info.plist;
				LD_RUNPATH_SEARCH_PATHS = "$(inherited) @executable_path/Frameworks";
				PRODUCT_NAME = "$(TARGET_NAME)";
			};
			name = Debug;
		};
		0747FD311AA4352E000D78A8 /* Release */ = {
			isa = XCBuildConfiguration;
			buildSettings = {
				ASSETCATALOG_COMPILER_APPICON_NAME = AppIcon;
				INFOPLIST_FILE = CBCollectionView/Info.plist;
				LD_RUNPATH_SEARCH_PATHS = "$(inherited) @executable_path/Frameworks";
				PRODUCT_NAME = "$(TARGET_NAME)";
			};
			name = Release;
		};
		0747FD331AA4352E000D78A8 /* Debug */ = {
			isa = XCBuildConfiguration;
			buildSettings = {
				BUNDLE_LOADER = "$(TEST_HOST)";
				FRAMEWORK_SEARCH_PATHS = (
					"$(SDKROOT)/Developer/Library/Frameworks",
					"$(inherited)",
				);
				GCC_PREPROCESSOR_DEFINITIONS = (
					"DEBUG=1",
					"$(inherited)",
				);
				INFOPLIST_FILE = CBCollectionViewTests/Info.plist;
				LD_RUNPATH_SEARCH_PATHS = "$(inherited) @executable_path/Frameworks @loader_path/Frameworks";
				PRODUCT_NAME = "$(TARGET_NAME)";
				TEST_HOST = "$(BUILT_PRODUCTS_DIR)/CBCollectionView.app/CBCollectionView";
			};
			name = Debug;
		};
		0747FD341AA4352E000D78A8 /* Release */ = {
			isa = XCBuildConfiguration;
			buildSettings = {
				BUNDLE_LOADER = "$(TEST_HOST)";
				FRAMEWORK_SEARCH_PATHS = (
					"$(SDKROOT)/Developer/Library/Frameworks",
					"$(inherited)",
				);
				INFOPLIST_FILE = CBCollectionViewTests/Info.plist;
				LD_RUNPATH_SEARCH_PATHS = "$(inherited) @executable_path/Frameworks @loader_path/Frameworks";
				PRODUCT_NAME = "$(TARGET_NAME)";
				TEST_HOST = "$(BUILT_PRODUCTS_DIR)/CBCollectionView.app/CBCollectionView";
			};
			name = Release;
		};
/* End XCBuildConfiguration section */

/* Begin XCConfigurationList section */
		0747FD071AA4352D000D78A8 /* Build configuration list for PBXProject "CBCollectionView" */ = {
			isa = XCConfigurationList;
			buildConfigurations = (
				0747FD2D1AA4352E000D78A8 /* Debug */,
				0747FD2E1AA4352E000D78A8 /* Release */,
			);
			defaultConfigurationIsVisible = 0;
			defaultConfigurationName = Release;
		};
		0747FD2F1AA4352E000D78A8 /* Build configuration list for PBXNativeTarget "CBCollectionView" */ = {
			isa = XCConfigurationList;
			buildConfigurations = (
				0747FD301AA4352E000D78A8 /* Debug */,
				0747FD311AA4352E000D78A8 /* Release */,
			);
			defaultConfigurationIsVisible = 0;
			defaultConfigurationName = Release;
		};
		0747FD321AA4352E000D78A8 /* Build configuration list for PBXNativeTarget "CBCollectionViewTests" */ = {
			isa = XCConfigurationList;
			buildConfigurations = (
				0747FD331AA4352E000D78A8 /* Debug */,
				0747FD341AA4352E000D78A8 /* Release */,
			);
			defaultConfigurationIsVisible = 0;
			defaultConfigurationName = Release;
		};
/* End XCConfigurationList section */
	};
	rootObject = 0747FD041AA4352D000D78A8 /* Project object */;
}
